dependencies:
  espressif/cbor:
    component_hash: 440f4ee4504841cc9b4f3a8ef755776a612ac9dace355514c68b999868f990ff
    source:
      service_url: https://api.components.espressif.com/
      type: service
    version: 0.6.0~1
  idf:
    component_hash: null
    source:
      type: idf
    version: 5.2.0
manifest_hash: 3e74c76ef16ef5a45125fcf9f83c6177e28a10a6899583440607ed94413178d6
target: esp32c6
version: 1.0.0
